{
  "name": "@immoc-cli-dev-zed/init",
  "version": "1.0.0",
  "lockfileVersion": 2,
  "requires": true,
  "packages": {
    "": {
      "name": "@immoc-cli-dev-zed/init",
      "version": "1.0.0",
      "license": "ISC",
      "dependencies": {
        "@immoc-cli-dev-zed/command": "file:../../models/command",
        "@immoc-cli-dev-zed/log": "file:../../utils/log"
      }
    },
    "../../models/command": {
      "name": "@immoc-cli-dev-zed/command",
      "version": "1.0.0",
      "license": "ISC",
      "dependencies": {
        "@immoc-cli-dev-zed/log": "file:../../utils/log",
        "colors": "^1.4.0",
        "semver": "^7.5.4"
      }
    },
    "../../utils/log": {
      "version": "1.0.0",
      "license": "ISC",
      "dependencies": {
        "npmlog": "^7.0.1"
      }
    },
    "node_modules/@immoc-cli-dev-zed/command": {
      "resolved": "../../models/command",
      "link": true
    },
    "node_modules/@immoc-cli-dev-zed/log": {
      "resolved": "../../utils/log",
      "link": true
    }
  },
  "dependencies": {
    "@immoc-cli-dev-zed/command": {
      "version": "file:../../models/command",
      "requires": {
        "@immoc-cli-dev-zed/log": "file:../../utils/log",
        "colors": "^1.4.0",
        "semver": "^7.5.4"
      }
    },
    "@immoc-cli-dev-zed/log": {
      "version": "file:../../utils/log",
      "requires": {
        "npmlog": "^7.0.1"
      }
    }
  }
}
