# THIS IS AN AUTOGENERATED FILE. DO NOT EDIT THIS FILE DIRECTLY.
# yarn lockfile v1


"@immoc-cli-dev-zed/utils@file:../utils":
  version "1.0.3"

"@yss-cli/utils@^1.1.2":
  version "1.1.2"
  resolved "https://registry.yarnpkg.com/@yss-cli/utils/-/utils-1.1.2.tgz#427fcc895201abbc5c0caa2abef7fe94bb2e3707"
  integrity sha512-XmW0fNbDocBjLo8lwJ/Mj5oLdXK8BZJISYSXHdodCz/jlDOpSeqJr6e6MW8UVRBen9WgUYYOwNbYPvvPhIFSGw==
  dependencies:
    cli-spinner "^0.2.10"

cli-spinner@^0.2.10:
  version "0.2.10"
  resolved "https://registry.yarnpkg.com/cli-spinner/-/cli-spinner-0.2.10.tgz#f7d617a36f5c47a7bc6353c697fc9338ff782a47"
  integrity sha512-U0sSQ+JJvSLi1pAYuJykwiA8Dsr15uHEy85iCJ6A+0DjVxivr3d+N2Wjvodeg89uP5K6TswFkKBfAD7B3YSn/Q==
