{
  "name": "@immoc-cli-dev-zed/exec",
  "version": "1.0.0",
  "lockfileVersion": 2,
  "requires": true,
  "packages": {
    "": {
      "name": "@immoc-cli-dev-zed/exec",
      "version": "1.0.0",
      "license": "ISC",
      "dependencies": {
        "@immoc-cli-dev-zed/log": "file:../../utils/log",
        "@immoc-cli-dev-zed/package": "file:../../models/package",
        "@immoc-cli-dev-zed/utils": "file:../../utils/utils"
      }
    },
    "../../models/package": {
      "version": "1.0.0",
      "license": "ISC",
      "dependencies": {
        "@immoc-cli-dev-zed/get-npm-info": "file:../../utils/get-npm-info",
        "@immoc-cli-dev-zed/utils": "file:../../utils/utils",
        "fs-extra": "^11.1.1",
        "npminstall": "^7.11.1",
        "path-exists": "^4.0.0",
        "pkg-dir": "^5.0.0"
      }
    },
    "../../utils/log": {
      "version": "1.0.0",
      "license": "ISC",
      "dependencies": {
        "npmlog": "^7.0.1"
      }
    },
    "../../utils/utils": {
      "version": "1.0.3",
      "license": "ISC",
      "dependencies": {
        "cli-spinner": "^0.2.10"
      }
    },
    "node_modules/@immoc-cli-dev-zed/log": {
      "resolved": "../../utils/log",
      "link": true
    },
    "node_modules/@immoc-cli-dev-zed/package": {
      "resolved": "../../models/package",
      "link": true
    },
    "node_modules/@immoc-cli-dev-zed/utils": {
      "resolved": "../../utils/utils",
      "link": true
    }
  },
  "dependencies": {
    "@immoc-cli-dev-zed/log": {
      "version": "file:../../utils/log",
      "requires": {
        "npmlog": "^7.0.1"
      }
    },
    "@immoc-cli-dev-zed/package": {
      "version": "file:../../models/package",
      "requires": {
        "@immoc-cli-dev-zed/get-npm-info": "file:../../utils/get-npm-info",
        "@immoc-cli-dev-zed/utils": "file:../../utils/utils",
        "fs-extra": "^11.1.1",
        "npminstall": "^7.11.1",
        "path-exists": "^4.0.0",
        "pkg-dir": "^5.0.0"
      }
    },
    "@immoc-cli-dev-zed/utils": {
      "version": "file:../../utils/utils",
      "requires": {
        "cli-spinner": "^0.2.10"
      }
    }
  }
}
